
Microsoft Visual Studio Solution File, Format Version 12.00
# Visual Studio Version 17
VisualStudioVersion = 17.4.33213.308
MinimumVisualStudioVersion = 10.0.40219.1
Project("{FAE04EC0-301F-11D3-BF4B-00C04F79EFBC}") = "StackAndQueue", "StackAndQueue\StackAndQueue.csproj", "{2BDB83FA-9759-4DC5-9018-72B5C8DA9B27}"
EndProject
Global
	GlobalSection(SolutionConfigurationPlatforms) = preSolution
		Debug|Any CPU = Debug|Any CPU
		Release|Any CPU = Release|Any CPU
	EndGlobalSection
	GlobalSection(ProjectConfigurationPlatforms) = postSolution
		{2BDB83FA-9759-4DC5-9018-72B5C8DA9B27}.Debug|Any CPU.ActiveCfg = Debug|Any CPU
		{2BDB83FA-9759-4DC5-9018-72B5C8DA9B27}.Debug|Any CPU.Build.0 = Debug|Any CPU
		{2BDB83FA-9759-4DC5-9018-72B5C8DA9B27}.Release|Any CPU.ActiveCfg = Release|Any CPU
		{2BDB83FA-9759-4DC5-9018-72B5C8DA9B27}.Release|Any CPU.Build.0 = Release|Any CPU
	EndGlobalSection
	GlobalSection(SolutionProperties) = preSolution
		HideSolutionNode = FALSE
	EndGlobalSection
	GlobalSection(ExtensibilityGlobals) = postSolution
		SolutionGuid = {21113DC6-BE6F-46CE-B1F5-D4E82AC6864D}
	EndGlobalSection
EndGlobal
